<?xml version="1.0" encoding="utf-8"?>
<Project ToolsVersion="4.0" xmlns="http://schemas.microsoft.com/developer/msbuild/2003">
  <ItemGroup>
    <ClCompile Include="containers.cpp" />
    <ClCompile Include="main.cpp" />
    <ClCompile Include="boxes.cpp" />
    <ClCompile Include="shapes.cpp" />
    <ClCompile Include="tetraidr.cpp" />
    <ClCompile Include="Vboxes.cpp" />
    <ClCompile Include="Vshare.cpp" />
    <ClCompile Include="Vtetra.cpp" />
    <ClCompile Include="shares.cpp" />
  </ItemGroup>
  <ItemGroup>
    <ClInclude Include="container_atd.h" />
    <ClInclude Include="box_atd.h" />
    <ClInclude Include="shape_atd.h" />
    <ClInclude Include="tetraidr_atd.h" />
    <ClInclude Include="share_atd.h" />
  </ItemGroup>
</Project>